
Microsoft Visual Studio Solution File, Format Version 12.00
Project("{FAE04EC0-301F-11D3-BF4B-00C04F79EFBC}") = "run-aspnetcore-microservice", "run-aspnetcore-microservice\run-aspnetcore-microservice.csproj", "{8B2244AC-39FE-41EA-8836-2551E1E09DC9}"
EndProject
Global
	GlobalSection(SolutionConfigurationPlatforms) = preSolution
		Debug|Any CPU = Debug|Any CPU
		Release|Any CPU = Release|Any CPU
	EndGlobalSection
	GlobalSection(ProjectConfigurationPlatforms) = postSolution
		{8B2244AC-39FE-41EA-8836-2551E1E09DC9}.Debug|Any CPU.ActiveCfg = Debug|Any CPU
		{8B2244AC-39FE-41EA-8836-2551E1E09DC9}.Debug|Any CPU.Build.0 = Debug|Any CPU
		{8B2244AC-39FE-41EA-8836-2551E1E09DC9}.Release|Any CPU.ActiveCfg = Release|Any CPU
		{8B2244AC-39FE-41EA-8836-2551E1E09DC9}.Release|Any CPU.Build.0 = Release|Any CPU
	EndGlobalSection
EndGlobal
